// !$*UTF8*$!
{
	archiveVersion = 1;
	classes = {
	};
	objectVersion = 50;
	objects = {

/* Begin PBXBuildFile section */
		380751E32588233F007D2119 /* AppDelegate.swift in Sources */ = {isa = PBXBuildFile; fileRef = 380751E22588233F007D2119 /* AppDelegate.swift */; };
		380751E52588233F007D2119 /* SceneDelegate.swift in Sources */ = {isa = PBXBuildFile; fileRef = 380751E42588233F007D2119 /* SceneDelegate.swift */; };
		380751E72588233F007D2119 /* ViewController.swift in Sources */ = {isa = PBXBuildFile; fileRef = 380751E62588233F007D2119 /* ViewController.swift */; };
		380751EA2588233F007D2119 /* Main.storyboard in Resources */ = {isa = PBXBuildFile; fileRef = 380751E82588233F007D2119 /* Main.storyboard */; };
		380751EC25882341007D2119 /* Assets.xcassets in Resources */ = {isa = PBXBuildFile; fileRef = 380751EB25882341007D2119 /* Assets.xcassets */; };
		380751EF25882341007D2119 /* LaunchScreen.storyboard in Resources */ = {isa = PBXBuildFile; fileRef = 380751ED25882341007D2119 /* LaunchScreen.storyboard */; };
		380751FA25882341007D2119 /* StartwarsTests.swift in Sources */ = {isa = PBXBuildFile; fileRef = 380751F925882341007D2119 /* StartwarsTests.swift */; };
		3807520525882342007D2119 /* StartwarsUITests.swift in Sources */ = {isa = PBXBuildFile; fileRef = 3807520425882342007D2119 /* StartwarsUITests.swift */; };
/* End PBXBuildFile section */

/* Begin PBXContainerItemProxy section */
		380751F625882341007D2119 /* PBXContainerItemProxy */ = {
			isa = PBXContainerItemProxy;
			containerPortal = 380751D72588233F007D2119 /* Project object */;
			proxyType = 1;
			remoteGlobalIDString = 380751DE2588233F007D2119;
			remoteInfo = Startwars;
		};
		3807520125882342007D2119 /* PBXContainerItemProxy */ = {
			isa = PBXContainerItemProxy;
			containerPortal = 380751D72588233F007D2119 /* Project object */;
			proxyType = 1;
			remoteGlobalIDString = 380751DE2588233F007D2119;
			remoteInfo = Startwars;
		};
/* End PBXContainerItemProxy section */

/* Begin PBXFileReference section */
		380751DF2588233F007D2119 /* Startwars.app */ = {isa = PBXFileReference; explicitFileType = wrapper.application; includeInIndex = 0; path = Startwars.app; sourceTree = BUILT_PRODUCTS_DIR; };
		380751E22588233F007D2119 /* AppDelegate.swift */ = {isa = PBXFileReference; lastKnownFileType = sourcecode.swift; path = AppDelegate.swift; sourceTree = "<group>"; };
		380751E42588233F007D2119 /* SceneDelegate.swift */ = {isa = PBXFileReference; lastKnownFileType = sourcecode.swift; path = SceneDelegate.swift; sourceTree = "<group>"; };
		380751E62588233F007D2119 /* ViewController.swift */ = {isa = PBXFileReference; lastKnownFileType = sourcecode.swift; path = ViewController.swift; sourceTree = "<group>"; };
		380751E92588233F007D2119 /* Base */ = {isa = PBXFileReference; lastKnownFileType = file.storyboard; name = Base; path = Base.lproj/Main.storyboard; sourceTree = "<group>"; };
		380751EB25882341007D2119 /* Assets.xcassets */ = {isa = PBXFileReference; lastKnownFileType = folder.assetcatalog; path = Assets.xcassets; sourceTree = "<group>"; };
		380751EE25882341007D2119 /* Base */ = {isa = PBXFileReference; lastKnownFileType = file.storyboard; name = Base; path = Base.lproj/LaunchScreen.storyboard; sourceTree = "<group>"; };
		380751F025882341007D2119 /* Info.plist */ = {isa = PBXFileReference; lastKnownFileType = text.plist.xml; path = Info.plist; sourceTree = "<group>"; };
		380751F525882341007D2119 /* StartwarsTests.xctest */ = {isa = PBXFileReference; explicitFileType = wrapper.cfbundle; includeInIndex = 0; path = StartwarsTests.xctest; sourceTree = BUILT_PRODUCTS_DIR; };
		380751F925882341007D2119 /* StartwarsTests.swift */ = {isa = PBXFileReference; lastKnownFileType = sourcecode.swift; path = StartwarsTests.swift; sourceTree = "<group>"; };
		380751FB25882341007D2119 /* Info.plist */ = {isa = PBXFileReference; lastKnownFileType = text.plist.xml; path = Info.plist; sourceTree = "<group>"; };
		3807520025882342007D2119 /* StartwarsUITests.xctest */ = {isa = PBXFileReference; explicitFileType = wrapper.cfbundle; includeInIndex = 0; path = StartwarsUITests.xctest; sourceTree = BUILT_PRODUCTS_DIR; };
		3807520425882342007D2119 /* StartwarsUITests.swift */ = {isa = PBXFileReference; lastKnownFileType = sourcecode.swift; path = StartwarsUITests.swift; sourceTree = "<group>"; };
		3807520625882342007D2119 /* Info.plist */ = {isa = PBXFileReference; lastKnownFileType = text.plist.xml; path = Info.plist; sourceTree = "<group>"; };
/* End PBXFileReference section */

/* Begin PBXFrameworksBuildPhase section */
		380751DC2588233F007D2119 /* Frameworks */ = {
			isa = PBXFrameworksBuildPhase;
			buildActionMask = 2147483647;
			files = (
			);
			runOnlyForDeploymentPostprocessing = 0;
		};
		380751F225882341007D2119 /* Frameworks */ = {
			isa = PBXFrameworksBuildPhase;
			buildActionMask = 2147483647;
			files = (
			);
			runOnlyForDeploymentPostprocessing = 0;
		};
		380751FD25882342007D2119 /* Frameworks */ = {
			isa = PBXFrameworksBuildPhase;
			buildActionMask = 2147483647;
			files = (
			);
			runOnlyForDeploymentPostprocessing = 0;
		};
/* End PBXFrameworksBuildPhase section */

/* Begin PBXGroup section */
		380751D62588233F007D2119 = {
			isa = PBXGroup;
			children = (
				380751E12588233F007D2119 /* Startwars */,
				380751F825882341007D2119 /* StartwarsTests */,
				3807520325882342007D2119 /* StartwarsUITests */,
				380751E02588233F007D2119 /* Products */,
			);
			sourceTree = "<group>";
		};
		380751E02588233F007D2119 /* Products */ = {
			isa = PBXGroup;
			children = (
				380751DF2588233F007D2119 /* Startwars.app */,
				380751F525882341007D2119 /* StartwarsTests.xctest */,
				3807520025882342007D2119 /* StartwarsUITests.xctest */,
			);
			name = Products;
			sourceTree = "<group>";
		};
		380751E12588233F007D2119 /* Startwars */ = {
			isa = PBXGroup;
			children = (
				380751E22588233F007D2119 /* AppDelegate.swift */,
				380751E42588233F007D2119 /* SceneDelegate.swift */,
				380751E62588233F007D2119 /* ViewController.swift */,
				380751E82588233F007D2119 /* Main.storyboard */,
				380751EB25882341007D2119 /* Assets.xcassets */,
				380751ED25882341007D2119 /* LaunchScreen.storyboard */,
				380751F025882341007D2119 /* Info.plist */,
			);
			path = Startwars;
			sourceTree = "<group>";
		};
		380751F825882341007D2119 /* StartwarsTests */ = {
			isa = PBXGroup;
			children = (
				380751F925882341007D2119 /* StartwarsTests.swift */,
				380751FB25882341007D2119 /* Info.plist */,
			);
			path = StartwarsTests;
			sourceTree = "<group>";
		};
		3807520325882342007D2119 /* StartwarsUITests */ = {
			isa = PBXGroup;
			children = (
				3807520425882342007D2119 /* StartwarsUITests.swift */,
				3807520625882342007D2119 /* Info.plist */,
			);
			path = StartwarsUITests;
			sourceTree = "<group>";
		};
/* End PBXGroup section */

/* Begin PBXNativeTarget section */
		380751DE2588233F007D2119 /* Startwars */ = {
			isa = PBXNativeTarget;
			buildConfigurationList = 3807520925882342007D2119 /* Build configuration list for PBXNativeTarget "Startwars" */;
			buildPhases = (
				380751DB2588233F007D2119 /* Sources */,
				380751DC2588233F007D2119 /* Frameworks */,
				380751DD2588233F007D2119 /* Resources */,
			);
			buildRules = (
			);
			dependencies = (
			);
			name = Startwars;
			productName = Startwars;
			productReference = 380751DF2588233F007D2119 /* Startwars.app */;
			productType = "com.apple.product-type.application";
		};
		380751F425882341007D2119 /* StartwarsTests */ = {
			isa = PBXNativeTarget;
			buildConfigurationList = 3807520C25882342007D2119 /* Build configuration list for PBXNativeTarget "StartwarsTests" */;
			buildPhases = (
				380751F125882341007D2119 /* Sources */,
				380751F225882341007D2119 /* Frameworks */,
				380751F325882341007D2119 /* Resources */,
			);
			buildRules = (
			);
			dependencies = (
				380751F725882341007D2119 /* PBXTargetDependency */,
			);
			name = StartwarsTests;
			productName = StartwarsTests;
			productReference = 380751F525882341007D2119 /* StartwarsTests.xctest */;
			productType = "com.apple.product-type.bundle.unit-test";
		};
		380751FF25882342007D2119 /* StartwarsUITests */ = {
			isa = PBXNativeTarget;
			buildConfigurationList = 3807520F25882342007D2119 /* Build configuration list for PBXNativeTarget "StartwarsUITests" */;
			buildPhases = (
				380751FC25882342007D2119 /* Sources */,
				380751FD25882342007D2119 /* Frameworks */,
				380751FE25882342007D2119 /* Resources */,
			);
			buildRules = (
			);
			dependencies = (
				3807520225882342007D2119 /* PBXTargetDependency */,
			);
			name = StartwarsUITests;
			productName = StartwarsUITests;
			productReference = 3807520025882342007D2119 /* StartwarsUITests.xctest */;
			productType = "com.apple.product-type.bundle.ui-testing";
		};
/* End PBXNativeTarget section */

/* Begin PBXProject section */
		380751D72588233F007D2119 /* Project object */ = {
			isa = PBXProject;
			attributes = {
				LastSwiftUpdateCheck = 1210;
				LastUpgradeCheck = 1210;
				TargetAttributes = {
					380751DE2588233F007D2119 = {
						CreatedOnToolsVersion = 12.1;
					};
					380751F425882341007D2119 = {
						CreatedOnToolsVersion = 12.1;
						TestTargetID = 380751DE2588233F007D2119;
					};
					380751FF25882342007D2119 = {
						CreatedOnToolsVersion = 12.1;
						TestTargetID = 380751DE2588233F007D2119;
					};
				};
			};
			buildConfigurationList = 380751DA2588233F007D2119 /* Build configuration list for PBXProject "Startwars" */;
			compatibilityVersion = "Xcode 9.3";
			developmentRegion = en;
			hasScannedForEncodings = 0;
			knownRegions = (
				en,
				Base,
			);
			mainGroup = 380751D62588233F007D2119;
			productRefGroup = 380751E02588233F007D2119 /* Products */;
			projectDirPath = "";
			projectRoot = "";
			targets = (
				380751DE2588233F007D2119 /* Startwars */,
				380751F425882341007D2119 /* StartwarsTests */,
				380751FF25882342007D2119 /* StartwarsUITests */,
			);
		};
/* End PBXProject section */

/* Begin PBXResourcesBuildPhase section */
		380751DD2588233F007D2119 /* Resources */ = {
			isa = PBXResourcesBuildPhase;
			buildActionMask = 2147483647;
			files = (
				380751EF25882341007D2119 /* LaunchScreen.storyboard in Resources */,
				380751EC25882341007D2119 /* Assets.xcassets in Resources */,
				380751EA2588233F007D2119 /* Main.storyboard in Resources */,
			);
			runOnlyForDeploymentPostprocessing = 0;
		};
		380751F325882341007D2119 /* Resources */ = {
			isa = PBXResourcesBuildPhase;
			buildActionMask = 2147483647;
			files = (
			);
			runOnlyForDeploymentPostprocessing = 0;
		};
		380751FE25882342007D2119 /* Resources */ = {
			isa = PBXResourcesBuildPhase;
			buildActionMask = 2147483647;
			files = (
			);
			runOnlyForDeploymentPostprocessing = 0;
		};
/* End PBXResourcesBuildPhase section */

/* Begin PBXSourcesBuildPhase section */
		380751DB2588233F007D2119 /* Sources */ = {
			isa = PBXSourcesBuildPhase;
			buildActionMask = 2147483647;
			files = (
				380751E72588233F007D2119 /* ViewController.swift in Sources */,
				380751E32588233F007D2119 /* AppDelegate.swift in Sources */,
				380751E52588233F007D2119 /* SceneDelegate.swift in Sources */,
			);
			runOnlyForDeploymentPostprocessing = 0;
		};
		380751F125882341007D2119 /* Sources */ = {
			isa = PBXSourcesBuildPhase;
			buildActionMask = 2147483647;
			files = (
				380751FA25882341007D2119 /* StartwarsTests.swift in Sources */,
			);
			runOnlyForDeploymentPostprocessing = 0;
		};
		380751FC25882342007D2119 /* Sources */ = {
			isa = PBXSourcesBuildPhase;
			buildActionMask = 2147483647;
			files = (
				3807520525882342007D2119 /* StartwarsUITests.swift in Sources */,
			);
			runOnlyForDeploymentPostprocessing = 0;
		};
/* End PBXSourcesBuildPhase section */

/* Begin PBXTargetDependency section */
		380751F725882341007D2119 /* PBXTargetDependency */ = {
			isa = PBXTargetDependency;
			target = 380751DE2588233F007D2119 /* Startwars */;
			targetProxy = 380751F625882341007D2119 /* PBXContainerItemProxy */;
		};
		3807520225882342007D2119 /* PBXTargetDependency */ = {
			isa = PBXTargetDependency;
			target = 380751DE2588233F007D2119 /* Startwars */;
			targetProxy = 3807520125882342007D2119 /* PBXContainerItemProxy */;
		};
/* End PBXTargetDependency section */

/* Begin PBXVariantGroup section */
		380751E82588233F007D2119 /* Main.storyboard */ = {
			isa = PBXVariantGroup;
			children = (
				380751E92588233F007D2119 /* Base */,
			);
			name = Main.storyboard;
			sourceTree = "<group>";
		};
		380751ED25882341007D2119 /* LaunchScreen.storyboard */ = {
			isa = PBXVariantGroup;
			children = (
				380751EE25882341007D2119 /* Base */,
			);
			name = LaunchScreen.storyboard;
			sourceTree = "<group>";
		};
/* End PBXVariantGroup section */

/* Begin XCBuildConfiguration section */
		3807520725882342007D2119 /* Debug */ = {
			isa = XCBuildConfiguration;
			buildSettings = {
				ALWAYS_SEARCH_USER_PATHS = NO;
				CLANG_ANALYZER_NONNULL = YES;
				CLANG_ANALYZER_NUMBER_OBJECT_CONVERSION = YES_AGGRESSIVE;
				CLANG_CXX_LANGUAGE_STANDARD = "gnu++14";
				CLANG_CXX_LIBRARY = "libc++";
				CLANG_ENABLE_MODULES = YES;
				CLANG_ENABLE_OBJC_ARC = YES;
				CLANG_ENABLE_OBJC_WEAK = YES;
				CLANG_WARN_BLOCK_CAPTURE_AUTORELEASING = YES;
				CLANG_WARN_BOOL_CONVERSION = YES;
				CLANG_WARN_COMMA = YES;
				CLANG_WARN_CONSTANT_CONVERSION = YES;
				CLANG_WARN_DEPRECATED_OBJC_IMPLEMENTATIONS = YES;
				CLANG_WARN_DIRECT_OBJC_ISA_USAGE = YES_ERROR;
				CLANG_WARN_DOCUMENTATION_COMMENTS = YES;
				CLANG_WARN_EMPTY_BODY = YES;
				CLANG_WARN_ENUM_CONVERSION = YES;
				CLANG_WARN_INFINITE_RECURSION = YES;
				CLANG_WARN_INT_CONVERSION = YES;
				CLANG_WARN_NON_LITERAL_NULL_CONVERSION = YES;
				CLANG_WARN_OBJC_IMPLICIT_RETAIN_SELF = YES;
				CLANG_WARN_OBJC_LITERAL_CONVERSION = YES;
				CLANG_WARN_OBJC_ROOT_CLASS = YES_ERROR;
				CLANG_WARN_QUOTED_INCLUDE_IN_FRAMEWORK_HEADER = YES;
				CLANG_WARN_RANGE_LOOP_ANALYSIS = YES;
				CLANG_WARN_STRICT_PROTOTYPES = YES;
				CLANG_WARN_SUSPICIOUS_MOVE = YES;
				CLANG_WARN_UNGUARDED_AVAILABILITY = YES_AGGRESSIVE;
				CLANG_WARN_UNREACHABLE_CODE = YES;
				CLANG_WARN__DUPLICATE_METHOD_MATCH = YES;
				COPY_PHASE_STRIP = NO;
				DEBUG_INFORMATION_FORMAT = dwarf;
				ENABLE_STRICT_OBJC_MSGSEND = YES;
				ENABLE_TESTABILITY = YES;
				GCC_C_LANGUAGE_STANDARD = gnu11;
				GCC_DYNAMIC_NO_PIC = NO;
				GCC_NO_COMMON_BLOCKS = YES;
				GCC_OPTIMIZATION_LEVEL = 0;
				GCC_PREPROCESSOR_DEFINITIONS = (
					"DEBUG=1",
					"$(inherited)",
				);
				GCC_WARN_64_TO_32_BIT_CONVERSION = YES;
				GCC_WARN_ABOUT_RETURN_TYPE = YES_ERROR;
				GCC_WARN_UNDECLARED_SELECTOR = YES;
				GCC_WARN_UNINITIALIZED_AUTOS = YES_AGGRESSIVE;
				GCC_WARN_UNUSED_FUNCTION = YES;
				GCC_WARN_UNUSED_VARIABLE = YES;
				IPHONEOS_DEPLOYMENT_TARGET = 14.1;
				MTL_ENABLE_DEBUG_INFO = INCLUDE_SOURCE;
				MTL_FAST_MATH = YES;
				ONLY_ACTIVE_ARCH = YES;
				SDKROOT = iphoneos;
				SWIFT_ACTIVE_COMPILATION_CONDITIONS = DEBUG;
				SWIFT_OPTIMIZATION_LEVEL = "-Onone";
			};
			name = Debug;
		};
		3807520825882342007D2119 /* Release */ = {
			isa = XCBuildConfiguration;
			buildSettings = {
				ALWAYS_SEARCH_USER_PATHS = NO;
				CLANG_ANALYZER_NONNULL = YES;
				CLANG_ANALYZER_NUMBER_OBJECT_CONVERSION = YES_AGGRESSIVE;
				CLANG_CXX_LANGUAGE_STANDARD = "gnu++14";
				CLANG_CXX_LIBRARY = "libc++";
				CLANG_ENABLE_MODULES = YES;
				CLANG_ENABLE_OBJC_ARC = YES;
				CLANG_ENABLE_OBJC_WEAK = YES;
				CLANG_WARN_BLOCK_CAPTURE_AUTORELEASING = YES;
				CLANG_WARN_BOOL_CONVERSION = YES;
				CLANG_WARN_COMMA = YES;
				CLANG_WARN_CONSTANT_CONVERSION = YES;
				CLANG_WARN_DEPRECATED_OBJC_IMPLEMENTATIONS = YES;
				CLANG_WARN_DIRECT_OBJC_ISA_USAGE = YES_ERROR;
				CLANG_WARN_DOCUMENTATION_COMMENTS = YES;
				CLANG_WARN_EMPTY_BODY = YES;
				CLANG_WARN_ENUM_CONVERSION = YES;
				CLANG_WARN_INFINITE_RECURSION = YES;
				CLANG_WARN_INT_CONVERSION = YES;
				CLANG_WARN_NON_LITERAL_NULL_CONVERSION = YES;
				CLANG_WARN_OBJC_IMPLICIT_RETAIN_SELF = YES;
				CLANG_WARN_OBJC_LITERAL_CONVERSION = YES;
				CLANG_WARN_OBJC_ROOT_CLASS = YES_ERROR;
				CLANG_WARN_QUOTED_INCLUDE_IN_FRAMEWORK_HEADER = YES;
				CLANG_WARN_RANGE_LOOP_ANALYSIS = YES;
				CLANG_WARN_STRICT_PROTOTYPES = YES;
				CLANG_WARN_SUSPICIOUS_MOVE = YES;
				CLANG_WARN_UNGUARDED_AVAILABILITY = YES_AGGRESSIVE;
				CLANG_WARN_UNREACHABLE_CODE = YES;
				CLANG_WARN__DUPLICATE_METHOD_MATCH = YES;
				COPY_PHASE_STRIP = NO;
				DEBUG_INFORMATION_FORMAT = "dwarf-with-dsym";
				ENABLE_NS_ASSERTIONS = NO;
				ENABLE_STRICT_OBJC_MSGSEND = YES;
				GCC_C_LANGUAGE_STANDARD = gnu11;
				GCC_NO_COMMON_BLOCKS = YES;
				GCC_WARN_64_TO_32_BIT_CONVERSION = YES;
				GCC_WARN_ABOUT_RETURN_TYPE = YES_ERROR;
				GCC_WARN_UNDECLARED_SELECTOR = YES;
				GCC_WARN_UNINITIALIZED_AUTOS = YES_AGGRESSIVE;
				GCC_WARN_UNUSED_FUNCTION = YES;
				GCC_WARN_UNUSED_VARIABLE = YES;
				IPHONEOS_DEPLOYMENT_TARGET = 14.1;
				MTL_ENABLE_DEBUG_INFO = NO;
				MTL_FAST_MATH = YES;
				SDKROOT = iphoneos;
				SWIFT_COMPILATION_MODE = wholemodule;
				SWIFT_OPTIMIZATION_LEVEL = "-O";
				VALIDATE_PRODUCT = YES;
			};
			name = Release;
		};
		3807520A25882342007D2119 /* Debug */ = {
			isa = XCBuildConfiguration;
			buildSettings = {
				ASSETCATALOG_COMPILER_APPICON_NAME = AppIcon;
				ASSETCATALOG_COMPILER_GLOBAL_ACCENT_COLOR_NAME = AccentColor;
				CODE_SIGN_STYLE = Automatic;
				INFOPLIST_FILE = Startwars/Info.plist;
				LD_RUNPATH_SEARCH_PATHS = (
					"$(inherited)",
					"@executable_path/Frameworks",
				);
				PRODUCT_BUNDLE_IDENTIFIER = com.practise.Startwars;
				PRODUCT_NAME = "$(TARGET_NAME)";
				SWIFT_VERSION = 5.0;
				TARGETED_DEVICE_FAMILY = "1,2";
			};
			name = Debug;
		};
		3807520B25882342007D2119 /* Release */ = {
			isa = XCBuildConfiguration;
			buildSettings = {
				ASSETCATALOG_COMPILER_APPICON_NAME = AppIcon;
				ASSETCATALOG_COMPILER_GLOBAL_ACCENT_COLOR_NAME = AccentColor;
				CODE_SIGN_STYLE = Automatic;
				INFOPLIST_FILE = Startwars/Info.plist;
				LD_RUNPATH_SEARCH_PATHS = (
					"$(inherited)",
					"@executable_path/Frameworks",
				);
				PRODUCT_BUNDLE_IDENTIFIER = com.practise.Startwars;
				PRODUCT_NAME = "$(TARGET_NAME)";
				SWIFT_VERSION = 5.0;
				TARGETED_DEVICE_FAMILY = "1,2";
			};
			name = Release;
		};
		3807520D25882342007D2119 /* Debug */ = {
			isa = XCBuildConfiguration;
			buildSettings = {
				ALWAYS_EMBED_SWIFT_STANDARD_LIBRARIES = YES;
				BUNDLE_LOADER = "$(TEST_HOST)";
				CODE_SIGN_STYLE = Automatic;
				INFOPLIST_FILE = StartwarsTests/Info.plist;
				IPHONEOS_DEPLOYMENT_TARGET = 14.1;
				LD_RUNPATH_SEARCH_PATHS = (
					"$(inherited)",
					"@executable_path/Frameworks",
					"@loader_path/Frameworks",
				);
				PRODUCT_BUNDLE_IDENTIFIER = com.practise.StartwarsTests;
				PRODUCT_NAME = "$(TARGET_NAME)";
				SWIFT_VERSION = 5.0;
				TARGETED_DEVICE_FAMILY = "1,2";
				TEST_HOST = "$(BUILT_PRODUCTS_DIR)/Startwars.app/Startwars";
			};
			name = Debug;
		};
		3807520E25882342007D2119 /* Release */ = {
			isa = XCBuildConfiguration;
			buildSettings = {
				ALWAYS_EMBED_SWIFT_STANDARD_LIBRARIES = YES;
				BUNDLE_LOADER = "$(TEST_HOST)";
				CODE_SIGN_STYLE = Automatic;
				INFOPLIST_FILE = StartwarsTests/Info.plist;
				IPHONEOS_DEPLOYMENT_TARGET = 14.1;
				LD_RUNPATH_SEARCH_PATHS = (
					"$(inherited)",
					"@executable_path/Frameworks",
					"@loader_path/Frameworks",
				);
				PRODUCT_BUNDLE_IDENTIFIER = com.practise.StartwarsTests;
				PRODUCT_NAME = "$(TARGET_NAME)";
				SWIFT_VERSION = 5.0;
				TARGETED_DEVICE_FAMILY = "1,2";
				TEST_HOST = "$(BUILT_PRODUCTS_DIR)/Startwars.app/Startwars";
			};
			name = Release;
		};
		3807521025882342007D2119 /* Debug */ = {
			isa = XCBuildConfiguration;
			buildSettings = {
				ALWAYS_EMBED_SWIFT_STANDARD_LIBRARIES = YES;
				CODE_SIGN_STYLE = Automatic;
				INFOPLIST_FILE = StartwarsUITests/Info.plist;
				LD_RUNPATH_SEARCH_PATHS = (
					"$(inherited)",
					"@executable_path/Frameworks",
					"@loader_path/Frameworks",
				);
				PRODUCT_BUNDLE_IDENTIFIER = com.practise.StartwarsUITests;
				PRODUCT_NAME = "$(TARGET_NAME)";
				SWIFT_VERSION = 5.0;
				TARGETED_DEVICE_FAMILY = "1,2";
				TEST_TARGET_NAME = Startwars;
			};
			name = Debug;
		};
		3807521125882342007D2119 /* Release */ = {
			isa = XCBuildConfiguration;
			buildSettings = {
				ALWAYS_EMBED_SWIFT_STANDARD_LIBRARIES = YES;
				CODE_SIGN_STYLE = Automatic;
				INFOPLIST_FILE = StartwarsUITests/Info.plist;
				LD_RUNPATH_SEARCH_PATHS = (
					"$(inherited)",
					"@executable_path/Frameworks",
					"@loader_path/Frameworks",
				);
				PRODUCT_BUNDLE_IDENTIFIER = com.practise.StartwarsUITests;
				PRODUCT_NAME = "$(TARGET_NAME)";
				SWIFT_VERSION = 5.0;
				TARGETED_DEVICE_FAMILY = "1,2";
				TEST_TARGET_NAME = Startwars;
			};
			name = Release;
		};
/* End XCBuildConfiguration section */

/* Begin XCConfigurationList section */
		380751DA2588233F007D2119 /* Build configuration list for PBXProject "Startwars" */ = {
			isa = XCConfigurationList;
			buildConfigurations = (
				3807520725882342007D2119 /* Debug */,
				3807520825882342007D2119 /* Release */,
			);
			defaultConfigurationIsVisible = 0;
			defaultConfigurationName = Release;
		};
		3807520925882342007D2119 /* Build configuration list for PBXNativeTarget "Startwars" */ = {
			isa = XCConfigurationList;
			buildConfigurations = (
				3807520A25882342007D2119 /* Debug */,
				3807520B25882342007D2119 /* Release */,
			);
			defaultConfigurationIsVisible = 0;
			defaultConfigurationName = Release;
		};
		3807520C25882342007D2119 /* Build configuration list for PBXNativeTarget "StartwarsTests" */ = {
			isa = XCConfigurationList;
			buildConfigurations = (
				3807520D25882342007D2119 /* Debug */,
				3807520E25882342007D2119 /* Release */,
			);
			defaultConfigurationIsVisible = 0;
			defaultConfigurationName = Release;
		};
		3807520F25882342007D2119 /* Build configuration list for PBXNativeTarget "StartwarsUITests" */ = {
			isa = XCConfigurationList;
			buildConfigurations = (
				3807521025882342007D2119 /* Debug */,
				3807521125882342007D2119 /* Release */,
			);
			defaultConfigurationIsVisible = 0;
			defaultConfigurationName = Release;
		};
/* End XCConfigurationList section */
	};
	rootObject = 380751D72588233F007D2119 /* Project object */;
}
